
Microsoft Visual Studio Solution File, Format Version 12.00
# Visual Studio 15
VisualStudioVersion = 15.0.28307.168
MinimumVisualStudioVersion = 10.0.40219.1
Project("{FAE04EC0-301F-11D3-BF4B-00C04F79EFBC}") = "EfCoreBulks", "EfCoreBulks\EfCoreBulks.csproj", "{898D4111-3A7E-47E3-9F76-B1BC40FE662F}"
EndProject
Project("{FAE04EC0-301F-11D3-BF4B-00C04F79EFBC}") = "ConsoleUI", "ConsoleUI\ConsoleUI.csproj", "{7D051F89-3EE0-493D-9EA6-B6FDD3DEEC00}"
EndProject
Global
	GlobalSection(SolutionConfigurationPlatforms) = preSolution
		Debug|Any CPU = Debug|Any CPU
		Release|Any CPU = Release|Any CPU
	EndGlobalSection
	GlobalSection(ProjectConfigurationPlatforms) = postSolution
		{898D4111-3A7E-47E3-9F76-B1BC40FE662F}.Debug|Any CPU.ActiveCfg = Debug|Any CPU
		{898D4111-3A7E-47E3-9F76-B1BC40FE662F}.Debug|Any CPU.Build.0 = Debug|Any CPU
		{898D4111-3A7E-47E3-9F76-B1BC40FE662F}.Release|Any CPU.ActiveCfg = Release|Any CPU
		{898D4111-3A7E-47E3-9F76-B1BC40FE662F}.Release|Any CPU.Build.0 = Release|Any CPU
		{7D051F89-3EE0-493D-9EA6-B6FDD3DEEC00}.Debug|Any CPU.ActiveCfg = Debug|Any CPU
		{7D051F89-3EE0-493D-9EA6-B6FDD3DEEC00}.Debug|Any CPU.Build.0 = Debug|Any CPU
		{7D051F89-3EE0-493D-9EA6-B6FDD3DEEC00}.Release|Any CPU.ActiveCfg = Release|Any CPU
		{7D051F89-3EE0-493D-9EA6-B6FDD3DEEC00}.Release|Any CPU.Build.0 = Release|Any CPU
	EndGlobalSection
	GlobalSection(SolutionProperties) = preSolution
		HideSolutionNode = FALSE
	EndGlobalSection
	GlobalSection(ExtensibilityGlobals) = postSolution
		SolutionGuid = {5D584D6F-8A56-409E-A0C1-321F85E33EA7}
	EndGlobalSection
EndGlobal
